Microsoft Visual Studio Solution File, Format Version 12.00
# Visual Studio Version 17
VisualStudioVersion = 17.4.33103.184
MinimumVisualStudioVersion = 10.0.40219.1
Project("{9A19103F-16F7-4668-BE54-9A1E7A4F7556}") = "OnApp.WebApi", "OnApp.WebApi\OnApp.WebApi.csproj", "{444D4B5B-3382-4749-99F2-178C62BC11DB}"
EndProject
Project("{2150E333-8FDC-42A3-9474-1A3956D46DE8}") = "src", "src", "{8EC06E67-E96A-48E9-B7EB-8B13519B4AA0}"
EndProject
Project("{2150E333-8FDC-42A3-9474-1A3956D46DE8}") = "libs", "libs", "{4EC7433C-EA84-4978-A7D9-EC8C1F19E257}"
EndProject
Project("{9A19103F-16F7-4668-BE54-9A1E7A4F7556}") = "OnApp.BizLayer", "libs\OnApp.BizLayer\OnApp.BizLayer.csproj", "{0E31251F-9854-4E7B-8C2A-EF21AD70175A}"
EndProject
Project("{9A19103F-16F7-4668-BE54-9A1E7A4F7556}") = "OnApp.Core", "libs\OnApp.Core\OnApp.Core.csproj", "{BA5B4C5C-E31C-4AA2-A5DE-CABAD274B13D}"
EndProject
Project("{9A19103F-16F7-4668-BE54-9A1E7A4F7556}") = "OnApp.DataLayer.PgSql", "libs\OnApp.DataLayer.PgSql\OnApp.DataLayer.PgSql.csproj", "{DA680EAB-603E-4A62-9DB7-7C8F29752DDE}"
EndProject
Project("{2150E333-8FDC-42A3-9474-1A3956D46DE8}") = "tests", "tests", "{A37B74A8-9F36-49EC-816C-76A7CB520FFA}"
EndProject
Project("{2150E333-8FDC-42A3-9474-1A3956D46DE8}") = "shared", "shared", "{5368D139-3CE9-47AC-875E-5D55B1B94048}"
EndProject
Project("{9A19103F-16F7-4668-BE54-9A1E7A4F7556}") = "OnApp.DataLayer.Repository", "libs\OnApp.DataLayer.Repository\OnApp.DataLayer.Repository.csproj", "{CF4A53B7-714D-4ADF-890C-FA0642F123BC}"
EndProject
Project("{9A19103F-16F7-4668-BE54-9A1E7A4F7556}") = "Global", "Global\Global.csproj", "{C45B5BBB-227D-4BFE-88E0-4E642BE2741B}"
EndProject
Global
	GlobalSection(SolutionConfigurationPlatforms) = preSolution
		Debug|Any CPU = Debug|Any CPU
		Release|Any CPU = Release|Any CPU
	EndGlobalSection
	GlobalSection(ProjectConfigurationPlatforms) = postSolution
		{444D4B5B-3382-4749-99F2-178C62BC11DB}.Debug|Any CPU.ActiveCfg = Debug|Any CPU
		{444D4B5B-3382-4749-99F2-178C62BC11DB}.Debug|Any CPU.Build.0 = Debug|Any CPU
		{444D4B5B-3382-4749-99F2-178C62BC11DB}.Release|Any CPU.ActiveCfg = Release|Any CPU
		{444D4B5B-3382-4749-99F2-178C62BC11DB}.Release|Any CPU.Build.0 = Release|Any CPU
		{0E31251F-9854-4E7B-8C2A-EF21AD70175A}.Debug|Any CPU.ActiveCfg = Debug|Any CPU
		{0E31251F-9854-4E7B-8C2A-EF21AD70175A}.Debug|Any CPU.Build.0 = Debug|Any CPU
		{0E31251F-9854-4E7B-8C2A-EF21AD70175A}.Release|Any CPU.ActiveCfg = Release|Any CPU
		{0E31251F-9854-4E7B-8C2A-EF21AD70175A}.Release|Any CPU.Build.0 = Release|Any CPU
		{BA5B4C5C-E31C-4AA2-A5DE-CABAD274B13D}.Debug|Any CPU.ActiveCfg = Debug|Any CPU
		{BA5B4C5C-E31C-4AA2-A5DE-CABAD274B13D}.Debug|Any CPU.Build.0 = Debug|Any CPU
		{BA5B4C5C-E31C-4AA2-A5DE-CABAD274B13D}.Release|Any CPU.ActiveCfg = Release|Any CPU
		{BA5B4C5C-E31C-4AA2-A5DE-CABAD274B13D}.Release|Any CPU.Build.0 = Release|Any CPU
		{DA680EAB-603E-4A62-9DB7-7C8F29752DDE}.Debug|Any CPU.ActiveCfg = Debug|Any CPU
		{DA680EAB-603E-4A62-9DB7-7C8F29752DDE}.Debug|Any CPU.Build.0 = Debug|Any CPU
		{DA680EAB-603E-4A62-9DB7-7C8F29752DDE}.Release|Any CPU.ActiveCfg = Release|Any CPU
		{DA680EAB-603E-4A62-9DB7-7C8F29752DDE}.Release|Any CPU.Build.0 = Release|Any CPU
		{CF4A53B7-714D-4ADF-890C-FA0642F123BC}.Debug|Any CPU.ActiveCfg = Debug|Any CPU
		{CF4A53B7-714D-4ADF-890C-FA0642F123BC}.Debug|Any CPU.Build.0 = Debug|Any CPU
		{CF4A53B7-714D-4ADF-890C-FA0642F123BC}.Release|Any CPU.ActiveCfg = Release|Any CPU
		{CF4A53B7-714D-4ADF-890C-FA0642F123BC}.Release|Any CPU.Build.0 = Release|Any CPU
		{C45B5BBB-227D-4BFE-88E0-4E642BE2741B}.Debug|Any CPU.ActiveCfg = Debug|Any CPU
		{C45B5BBB-227D-4BFE-88E0-4E642BE2741B}.Debug|Any CPU.Build.0 = Debug|Any CPU
		{C45B5BBB-227D-4BFE-88E0-4E642BE2741B}.Release|Any CPU.ActiveCfg = Release|Any CPU
		{C45B5BBB-227D-4BFE-88E0-4E642BE2741B}.Release|Any CPU.Build.0 = Release|Any CPU
	EndGlobalSection
	GlobalSection(SolutionProperties) = preSolution
		HideSolutionNode = FALSE
	EndGlobalSection
	GlobalSection(NestedProjects) = preSolution
		{444D4B5B-3382-4749-99F2-178C62BC11DB} = {8EC06E67-E96A-48E9-B7EB-8B13519B4AA0}
		{4EC7433C-EA84-4978-A7D9-EC8C1F19E257} = {8EC06E67-E96A-48E9-B7EB-8B13519B4AA0}
		{0E31251F-9854-4E7B-8C2A-EF21AD70175A} = {4EC7433C-EA84-4978-A7D9-EC8C1F19E257}
		{BA5B4C5C-E31C-4AA2-A5DE-CABAD274B13D} = {4EC7433C-EA84-4978-A7D9-EC8C1F19E257}
		{DA680EAB-603E-4A62-9DB7-7C8F29752DDE} = {4EC7433C-EA84-4978-A7D9-EC8C1F19E257}
		{5368D139-3CE9-47AC-875E-5D55B1B94048} = {8EC06E67-E96A-48E9-B7EB-8B13519B4AA0}
		{CF4A53B7-714D-4ADF-890C-FA0642F123BC} = {4EC7433C-EA84-4978-A7D9-EC8C1F19E257}
		{C45B5BBB-227D-4BFE-88E0-4E642BE2741B} = {5368D139-3CE9-47AC-875E-5D55B1B94048}
	EndGlobalSection
	GlobalSection(ExtensibilityGlobals) = postSolution
		SolutionGuid = {9DEBE064-E298-497A-90AD-14EE64A43662}
	EndGlobalSection
EndGlobal
